
Microsoft Visual Studio Solution File, Format Version 12.00
Project("{FAE04EC0-301F-11D3-BF4B-00C04F79EFBC}") = "Application", "Application\Application.csproj", "{13D4FB1D-A594-4D84-B0DD-2ADC21E14102}"
EndProject
Project("{FAE04EC0-301F-11D3-BF4B-00C04F79EFBC}") = "Domain", "Domain\Domain.csproj", "{FD6B7FBE-DD7D-45B5-8C8A-358AD2CCCBF8}"
EndProject
Project("{FAE04EC0-301F-11D3-BF4B-00C04F79EFBC}") = "Infraestructure", "Infraestructure\Infraestructure.csproj", "{9E37A8BA-8897-4D72-9B04-CF5A04CEE4E5}"
EndProject
Project("{FAE04EC0-301F-11D3-BF4B-00C04F79EFBC}") = "Utils", "Utils\Utils.csproj", "{53A93F9C-5404-4E35-B2B3-1363CF639F69}"
EndProject
Global
	GlobalSection(SolutionConfigurationPlatforms) = preSolution
		Debug|Any CPU = Debug|Any CPU
		Release|Any CPU = Release|Any CPU
	EndGlobalSection
	GlobalSection(ProjectConfigurationPlatforms) = postSolution
		{13D4FB1D-A594-4D84-B0DD-2ADC21E14102}.Debug|Any CPU.ActiveCfg = Debug|Any CPU
		{13D4FB1D-A594-4D84-B0DD-2ADC21E14102}.Debug|Any CPU.Build.0 = Debug|Any CPU
		{13D4FB1D-A594-4D84-B0DD-2ADC21E14102}.Release|Any CPU.ActiveCfg = Release|Any CPU
		{13D4FB1D-A594-4D84-B0DD-2ADC21E14102}.Release|Any CPU.Build.0 = Release|Any CPU
		{FD6B7FBE-DD7D-45B5-8C8A-358AD2CCCBF8}.Debug|Any CPU.ActiveCfg = Debug|Any CPU
		{FD6B7FBE-DD7D-45B5-8C8A-358AD2CCCBF8}.Debug|Any CPU.Build.0 = Debug|Any CPU
		{FD6B7FBE-DD7D-45B5-8C8A-358AD2CCCBF8}.Release|Any CPU.ActiveCfg = Release|Any CPU
		{FD6B7FBE-DD7D-45B5-8C8A-358AD2CCCBF8}.Release|Any CPU.Build.0 = Release|Any CPU
		{9E37A8BA-8897-4D72-9B04-CF5A04CEE4E5}.Debug|Any CPU.ActiveCfg = Debug|Any CPU
		{9E37A8BA-8897-4D72-9B04-CF5A04CEE4E5}.Debug|Any CPU.Build.0 = Debug|Any CPU
		{9E37A8BA-8897-4D72-9B04-CF5A04CEE4E5}.Release|Any CPU.ActiveCfg = Release|Any CPU
		{9E37A8BA-8897-4D72-9B04-CF5A04CEE4E5}.Release|Any CPU.Build.0 = Release|Any CPU
		{53A93F9C-5404-4E35-B2B3-1363CF639F69}.Debug|Any CPU.ActiveCfg = Debug|Any CPU
		{53A93F9C-5404-4E35-B2B3-1363CF639F69}.Debug|Any CPU.Build.0 = Debug|Any CPU
		{53A93F9C-5404-4E35-B2B3-1363CF639F69}.Release|Any CPU.ActiveCfg = Release|Any CPU
		{53A93F9C-5404-4E35-B2B3-1363CF639F69}.Release|Any CPU.Build.0 = Release|Any CPU
	EndGlobalSection
EndGlobal
